
Microsoft Visual Studio Solution File, Format Version 12.00
Project("{FAE04EC0-301F-11D3-BF4B-00C04F79EFBC}") = "BusinessLogic", "BusinessLogic\BusinessLogic.csproj", "{5C27B3A4-B9B9-4C7F-8522-03A6502E0280}"
EndProject
Project("{FAE04EC0-301F-11D3-BF4B-00C04F79EFBC}") = "GUI", "GUI\GUI.csproj", "{056448F8-4DB6-4AED-BB73-BD3E7F65F5CB}"
EndProject
Global
	GlobalSection(SolutionConfigurationPlatforms) = preSolution
		Debug|Any CPU = Debug|Any CPU
		Debug|x64 = Debug|x64
		Release|Any CPU = Release|Any CPU
	EndGlobalSection
	GlobalSection(ProjectConfigurationPlatforms) = postSolution
		{5C27B3A4-B9B9-4C7F-8522-03A6502E0280}.Release|Any CPU.ActiveCfg = Release|Any CPU
		{5C27B3A4-B9B9-4C7F-8522-03A6502E0280}.Release|Any CPU.Build.0 = Release|Any CPU
		{5C27B3A4-B9B9-4C7F-8522-03A6502E0280}.Debug|Any CPU.ActiveCfg = Debug|x64
		{5C27B3A4-B9B9-4C7F-8522-03A6502E0280}.Debug|Any CPU.Build.0 = Debug|x64
		{5C27B3A4-B9B9-4C7F-8522-03A6502E0280}.Debug|x64.ActiveCfg = Debug|x64
		{5C27B3A4-B9B9-4C7F-8522-03A6502E0280}.Debug|x64.Build.0 = Debug|x64
		{056448F8-4DB6-4AED-BB73-BD3E7F65F5CB}.Debug|Any CPU.ActiveCfg = Debug|Any CPU
		{056448F8-4DB6-4AED-BB73-BD3E7F65F5CB}.Debug|Any CPU.Build.0 = Debug|Any CPU
		{056448F8-4DB6-4AED-BB73-BD3E7F65F5CB}.Debug|x64.ActiveCfg = Debug|x64
		{056448F8-4DB6-4AED-BB73-BD3E7F65F5CB}.Debug|x64.Build.0 = Debug|x64
		{056448F8-4DB6-4AED-BB73-BD3E7F65F5CB}.Release|Any CPU.ActiveCfg = Release|Any CPU
		{056448F8-4DB6-4AED-BB73-BD3E7F65F5CB}.Release|Any CPU.Build.0 = Release|Any CPU
	EndGlobalSection
EndGlobal
